
Microsoft Visual Studio Solution File, Format Version 12.00
# Visual Studio Version 16
VisualStudioVersion = 16.0.31911.196
MinimumVisualStudioVersion = 10.0.40219.1
Project("{FAE04EC0-301F-11D3-BF4B-00C04F79EFBC}") = "Lab final 102", "Lab final 102\Lab final 102.csproj", "{C73B7070-478F-4B75-A1A8-B690BA409A8C}"
EndProject
Global
	GlobalSection(SolutionConfigurationPlatforms) = preSolution
		Debug|Any CPU = Debug|Any CPU
		Release|Any CPU = Release|Any CPU
	EndGlobalSection
	GlobalSection(ProjectConfigurationPlatforms) = postSolution
		{C73B7070-478F-4B75-A1A8-B690BA409A8C}.Debug|Any CPU.ActiveCfg = Debug|Any CPU
		{C73B7070-478F-4B75-A1A8-B690BA409A8C}.Debug|Any CPU.Build.0 = Debug|Any CPU
		{C73B7070-478F-4B75-A1A8-B690BA409A8C}.Release|Any CPU.ActiveCfg = Release|Any CPU
		{C73B7070-478F-4B75-A1A8-B690BA409A8C}.Release|Any CPU.Build.0 = Release|Any CPU
	EndGlobalSection
	GlobalSection(SolutionProperties) = preSolution
		HideSolutionNode = FALSE
	EndGlobalSection
	GlobalSection(ExtensibilityGlobals) = postSolution
		SolutionGuid = {A7212176-7EAB-4231-B7C6-61AFA2656099}
	EndGlobalSection
EndGlobal
