
Microsoft Visual Studio Solution File, Format Version 12.00
# Visual Studio Version 17
VisualStudioVersion = 17.0.31919.166
MinimumVisualStudioVersion = 10.0.40219.1
Project("{FAE04EC0-301F-11D3-BF4B-00C04F79EFBC}") = "Hotel_Management_System", "Hotel_Management_System\Hotel_Management_System.csproj", "{AE41F27B-78A9-4AB3-805F-D3445C3490EA}"
EndProject
Global
	GlobalSection(SolutionConfigurationPlatforms) = preSolution
		Debug|Any CPU = Debug|Any CPU
		Release|Any CPU = Release|Any CPU
	EndGlobalSection
	GlobalSection(ProjectConfigurationPlatforms) = postSolution
		{AE41F27B-78A9-4AB3-805F-D3445C3490EA}.Debug|Any CPU.ActiveCfg = Debug|Any CPU
		{AE41F27B-78A9-4AB3-805F-D3445C3490EA}.Debug|Any CPU.Build.0 = Debug|Any CPU
		{AE41F27B-78A9-4AB3-805F-D3445C3490EA}.Release|Any CPU.ActiveCfg = Release|Any CPU
		{AE41F27B-78A9-4AB3-805F-D3445C3490EA}.Release|Any CPU.Build.0 = Release|Any CPU
	EndGlobalSection
	GlobalSection(SolutionProperties) = preSolution
		HideSolutionNode = FALSE
	EndGlobalSection
	GlobalSection(ExtensibilityGlobals) = postSolution
		SolutionGuid = {6398BCAB-F67D-42EE-8A65-4C9C77C3E26A}
	EndGlobalSection
EndGlobal
